
Microsoft Visual Studio Solution File, Format Version 12.00
# Visual Studio Version 17
VisualStudioVersion = 17.2.32630.192
MinimumVisualStudioVersion = 10.0.40219.1
Project("{9A19103F-16F7-4668-BE54-9A1E7A4F7556}") = "VisitorManagement2022", "VisitorManagement2022.csproj", "{9C3A4238-2059-405D-B254-EA7674DBCAB6}"
EndProject
Project("{2150E333-8FDC-42A3-9474-1A3956D46DE8}") = "Solution Items", "Solution Items", "{CD347BA3-7702-41C3-A652-DB28A3B28A8B}"
	ProjectSection(SolutionItems) = preProject
		.editorconfig = .editorconfig
	EndProjectSection
EndProject
Global
	GlobalSection(SolutionConfigurationPlatforms) = preSolution
		Debug|Any CPU = Debug|Any CPU
		Release|Any CPU = Release|Any CPU
	EndGlobalSection
	GlobalSection(ProjectConfigurationPlatforms) = postSolution
		{9C3A4238-2059-405D-B254-EA7674DBCAB6}.Debug|Any CPU.ActiveCfg = Debug|Any CPU
		{9C3A4238-2059-405D-B254-EA7674DBCAB6}.Debug|Any CPU.Build.0 = Debug|Any CPU
		{9C3A4238-2059-405D-B254-EA7674DBCAB6}.Release|Any CPU.ActiveCfg = Release|Any CPU
		{9C3A4238-2059-405D-B254-EA7674DBCAB6}.Release|Any CPU.Build.0 = Release|Any CPU
	EndGlobalSection
	GlobalSection(SolutionProperties) = preSolution
		HideSolutionNode = FALSE
	EndGlobalSection
	GlobalSection(ExtensibilityGlobals) = postSolution
		SolutionGuid = {27BC64B1-AC9D-44D4-BE97-31EF916138B5}
	EndGlobalSection
EndGlobal
